Microsoft Visual Studio Solution File, Format Version 12.00
# Visual Studio Version 17
VisualStudioVersion = 17.5.2.0
MinimumVisualStudioVersion = 10.0.40219.1
Project("{FAE04EC0-301F-11D3-BF4B-00C04F79EFBC}") = "PingMon", "PingMon.csproj", "{90B04FEF-E0FC-47A0-FD1F-69073D0A4E76}"
EndProject
Global
	GlobalSection(SolutionConfigurationPlatforms) = preSolution
		Debug|Any CPU = Debug|Any CPU
		Release|Any CPU = Release|Any CPU
	EndGlobalSection
	GlobalSection(ProjectConfigurationPlatforms) = postSolution
		{90B04FEF-E0FC-47A0-FD1F-69073D0A4E76}.Debug|Any CPU.ActiveCfg = Debug|Any CPU
		{90B04FEF-E0FC-47A0-FD1F-69073D0A4E76}.Debug|Any CPU.Build.0 = Debug|Any CPU
		{90B04FEF-E0FC-47A0-FD1F-69073D0A4E76}.Release|Any CPU.ActiveCfg = Release|Any CPU
		{90B04FEF-E0FC-47A0-FD1F-69073D0A4E76}.Release|Any CPU.Build.0 = Release|Any CPU
	EndGlobalSection
	GlobalSection(SolutionProperties) = preSolution
		HideSolutionNode = FALSE
	EndGlobalSection
	GlobalSection(ExtensibilityGlobals) = postSolution
		SolutionGuid = {5A4D48D5-CA26-4798-95DB-64C0BC2FB4E1}
	EndGlobalSection
EndGlobal
